
Microsoft Visual Studio Solution File, Format Version 10.00
# Visual Studio 2008
Project("{FAE04EC0-301F-11D3-BF4B-00C04F79EFBC}") = "PAOnlineAssessment", "PAOnlineAssessment\PAOnlineAssessment.csproj", "{656AA93C-F08F-4C04-9F49-865DD90C5644}"
EndProject
Global
	GlobalSection(SolutionConfigurationPlatforms) = preSolution
		Debug|Any CPU = Debug|Any CPU
		Release|Any CPU = Release|Any CPU
	EndGlobalSection
	GlobalSection(ProjectConfigurationPlatforms) = postSolution
		{656AA93C-F08F-4C04-9F49-865DD90C5644}.Debug|Any CPU.ActiveCfg = Debug|Any CPU
		{656AA93C-F08F-4C04-9F49-865DD90C5644}.Debug|Any CPU.Build.0 = Debug|Any CPU
		{656AA93C-F08F-4C04-9F49-865DD90C5644}.Release|Any CPU.ActiveCfg = Release|Any CPU
		{656AA93C-F08F-4C04-9F49-865DD90C5644}.Release|Any CPU.Build.0 = Release|Any CPU
	EndGlobalSection
	GlobalSection(SolutionProperties) = preSolution
		HideSolutionNode = FALSE
	EndGlobalSection
EndGlobal
